{
  "requires": true,
  "lockfileVersion": 1,
  "dependencies": {
    "vue": {
      "version": "2.6.10",
      "resolved": "https://registry.npmjs.org/vue/-/vue-2.6.10.tgz",
      "integrity": "sha512-ImThpeNU9HbdZL3utgMCq0oiMzAkt1mcgy3/E6zWC/G6AaQoeuFdsl9nDhTDU3X1R6FK7nsIUuRACVcjI+A2GQ=="
    },
    "vue-country-region-select": {
      "version": "2.0.11",
      "resolved": "https://registry.npmjs.org/vue-country-region-select/-/vue-country-region-select-2.0.11.tgz",
      "integrity": "sha512-PnayT6h+v3q0gUGuVAGKtmOD4uzy9hoOCwsRvEqfxWlsSriga4/wm98gk7be14lvBZsIc8H8pdXokTtlnUxwPw==",
      "requires": {
        "vue": "^2.5.17"
      }
    }
  }
}
